// !$*UTF8*$!
{
	archiveVersion = 1;
	classes = {
	};
	objectVersion = 48;
	objects = {

/* Begin PBXBuildFile section */
		4911825B20852249001722F4 /* AppDelegate.swift in Sources */ = {isa = PBXBuildFile; fileRef = 4911825A20852249001722F4 /* AppDelegate.swift */; };
		4911825D20852249001722F4 /* EditViewController.swift in Sources */ = {isa = PBXBuildFile; fileRef = 4911825C20852249001722F4 /* EditViewController.swift */; };
		4911826020852249001722F4 /* Main.storyboard in Resources */ = {isa = PBXBuildFile; fileRef = 4911825E20852249001722F4 /* Main.storyboard */; };
		4911826220852249001722F4 /* Assets.xcassets in Resources */ = {isa = PBXBuildFile; fileRef = 4911826120852249001722F4 /* Assets.xcassets */; };
		4911826520852249001722F4 /* LaunchScreen.storyboard in Resources */ = {isa = PBXBuildFile; fileRef = 4911826320852249001722F4 /* LaunchScreen.storyboard */; };
		4911826D208524B5001722F4 /* Book.swift in Sources */ = {isa = PBXBuildFile; fileRef = 4911826C208524B5001722F4 /* Book.swift */; };
		4911826F20852778001722F4 /* BookTVC.swift in Sources */ = {isa = PBXBuildFile; fileRef = 4911826E20852778001722F4 /* BookTVC.swift */; };
		49118271208528A3001722F4 /* BookTableViewController.swift in Sources */ = {isa = PBXBuildFile; fileRef = 49118270208528A3001722F4 /* BookTableViewController.swift */; };
		49DB8B34208E5BCD00205451 /* VCwithTable.swift in Sources */ = {isa = PBXBuildFile; fileRef = 49DB8B33208E5BCD00205451 /* VCwithTable.swift */; };
		49DB8B362092F28C00205451 /* AddViewController.swift in Sources */ = {isa = PBXBuildFile; fileRef = 49DB8B352092F28C00205451 /* AddViewController.swift */; };
/* End PBXBuildFile section */

/* Begin PBXFileReference section */
		4911825720852249001722F4 /* Lab4.app */ = {isa = PBXFileReference; explicitFileType = wrapper.application; includeInIndex = 0; path = Lab4.app; sourceTree = BUILT_PRODUCTS_DIR; };
		4911825A20852249001722F4 /* AppDelegate.swift */ = {isa = PBXFileReference; lastKnownFileType = sourcecode.swift; path = AppDelegate.swift; sourceTree = "<group>"; };
		4911825C20852249001722F4 /* EditViewController.swift */ = {isa = PBXFileReference; lastKnownFileType = sourcecode.swift; path = EditViewController.swift; sourceTree = "<group>"; };
		4911825F20852249001722F4 /* Base */ = {isa = PBXFileReference; lastKnownFileType = file.storyboard; name = Base; path = Base.lproj/Main.storyboard; sourceTree = "<group>"; };
		4911826120852249001722F4 /* Assets.xcassets */ = {isa = PBXFileReference; lastKnownFileType = folder.assetcatalog; path = Assets.xcassets; sourceTree = "<group>"; };
		4911826420852249001722F4 /* Base */ = {isa = PBXFileReference; lastKnownFileType = file.storyboard; name = Base; path = Base.lproj/LaunchScreen.storyboard; sourceTree = "<group>"; };
		4911826620852249001722F4 /* Info.plist */ = {isa = PBXFileReference; lastKnownFileType = text.plist.xml; path = Info.plist; sourceTree = "<group>"; };
		4911826C208524B5001722F4 /* Book.swift */ = {isa = PBXFileReference; lastKnownFileType = sourcecode.swift; path = Book.swift; sourceTree = "<group>"; };
		4911826E20852778001722F4 /* BookTVC.swift */ = {isa = PBXFileReference; lastKnownFileType = sourcecode.swift; path = BookTVC.swift; sourceTree = "<group>"; };
		49118270208528A3001722F4 /* BookTableViewController.swift */ = {isa = PBXFileReference; lastKnownFileType = sourcecode.swift; path = BookTableViewController.swift; sourceTree = "<group>"; };
		49DB8B33208E5BCD00205451 /* VCwithTable.swift */ = {isa = PBXFileReference; lastKnownFileType = sourcecode.swift; path = VCwithTable.swift; sourceTree = "<group>"; };
		49DB8B352092F28C00205451 /* AddViewController.swift */ = {isa = PBXFileReference; lastKnownFileType = sourcecode.swift; path = AddViewController.swift; sourceTree = "<group>"; };
/* End PBXFileReference section */

/* Begin PBXFrameworksBuildPhase section */
		4911825420852249001722F4 /* Frameworks */ = {
			isa = PBXFrameworksBuildPhase;
			buildActionMask = 2147483647;
			files = (
			);
			runOnlyForDeploymentPostprocessing = 0;
		};
/* End PBXFrameworksBuildPhase section */

/* Begin PBXGroup section */
		4911824E20852249001722F4 = {
			isa = PBXGroup;
			children = (
				4911825920852249001722F4 /* Lab4 */,
				4911825820852249001722F4 /* Products */,
			);
			sourceTree = "<group>";
		};
		4911825820852249001722F4 /* Products */ = {
			isa = PBXGroup;
			children = (
				4911825720852249001722F4 /* Lab4.app */,
			);
			name = Products;
			sourceTree = "<group>";
		};
		4911825920852249001722F4 /* Lab4 */ = {
			isa = PBXGroup;
			children = (
				4911825A20852249001722F4 /* AppDelegate.swift */,
				4911825C20852249001722F4 /* EditViewController.swift */,
				49DB8B33208E5BCD00205451 /* VCwithTable.swift */,
				4911825E20852249001722F4 /* Main.storyboard */,
				49DB8B352092F28C00205451 /* AddViewController.swift */,
				4911826C208524B5001722F4 /* Book.swift */,
				4911826E20852778001722F4 /* BookTVC.swift */,
				49118270208528A3001722F4 /* BookTableViewController.swift */,
				4911826120852249001722F4 /* Assets.xcassets */,
				4911826320852249001722F4 /* LaunchScreen.storyboard */,
				4911826620852249001722F4 /* Info.plist */,
			);
			path = Lab4;
			sourceTree = "<group>";
		};
/* End PBXGroup section */

/* Begin PBXNativeTarget section */
		4911825620852249001722F4 /* Lab4 */ = {
			isa = PBXNativeTarget;
			buildConfigurationList = 4911826920852249001722F4 /* Build configuration list for PBXNativeTarget "Lab4" */;
			buildPhases = (
				4911825320852249001722F4 /* Sources */,
				4911825420852249001722F4 /* Frameworks */,
				4911825520852249001722F4 /* Resources */,
			);
			buildRules = (
			);
			dependencies = (
			);
			name = Lab4;
			productName = Lab4;
			productReference = 4911825720852249001722F4 /* Lab4.app */;
			productType = "com.apple.product-type.application";
		};
/* End PBXNativeTarget section */

/* Begin PBXProject section */
		4911824F20852249001722F4 /* Project object */ = {
			isa = PBXProject;
			attributes = {
				LastSwiftUpdateCheck = 0920;
				LastUpgradeCheck = 0920;
				ORGANIZATIONNAME = "CalPoly Computer Science";
				TargetAttributes = {
					4911825620852249001722F4 = {
						CreatedOnToolsVersion = 9.2;
						ProvisioningStyle = Automatic;
					};
				};
			};
			buildConfigurationList = 4911825220852249001722F4 /* Build configuration list for PBXProject "Lab4" */;
			compatibilityVersion = "Xcode 8.0";
			developmentRegion = en;
			hasScannedForEncodings = 0;
			knownRegions = (
				en,
				Base,
			);
			mainGroup = 4911824E20852249001722F4;
			productRefGroup = 4911825820852249001722F4 /* Products */;
			projectDirPath = "";
			projectRoot = "";
			targets = (
				4911825620852249001722F4 /* Lab4 */,
			);
		};
/* End PBXProject section */

/* Begin PBXResourcesBuildPhase section */
		4911825520852249001722F4 /* Resources */ = {
			isa = PBXResourcesBuildPhase;
			buildActionMask = 2147483647;
			files = (
				4911826520852249001722F4 /* LaunchScreen.storyboard in Resources */,
				4911826220852249001722F4 /* Assets.xcassets in Resources */,
				4911826020852249001722F4 /* Main.storyboard in Resources */,
			);
			runOnlyForDeploymentPostprocessing = 0;
		};
/* End PBXResourcesBuildPhase section */

/* Begin PBXSourcesBuildPhase section */
		4911825320852249001722F4 /* Sources */ = {
			isa = PBXSourcesBuildPhase;
			buildActionMask = 2147483647;
			files = (
				49118271208528A3001722F4 /* BookTableViewController.swift in Sources */,
				49DB8B34208E5BCD00205451 /* VCwithTable.swift in Sources */,
				49DB8B362092F28C00205451 /* AddViewController.swift in Sources */,
				4911826F20852778001722F4 /* BookTVC.swift in Sources */,
				4911825D20852249001722F4 /* EditViewController.swift in Sources */,
				4911825B20852249001722F4 /* AppDelegate.swift in Sources */,
				4911826D208524B5001722F4 /* Book.swift in Sources */,
			);
			runOnlyForDeploymentPostprocessing = 0;
		};
/* End PBXSourcesBuildPhase section */

/* Begin PBXVariantGroup section */
		4911825E20852249001722F4 /* Main.storyboard */ = {
			isa = PBXVariantGroup;
			children = (
				4911825F20852249001722F4 /* Base */,
			);
			name = Main.storyboard;
			sourceTree = "<group>";
		};
		4911826320852249001722F4 /* LaunchScreen.storyboard */ = {
			isa = PBXVariantGroup;
			children = (
				4911826420852249001722F4 /* Base */,
			);
			name = LaunchScreen.storyboard;
			sourceTree = "<group>";
		};
/* End PBXVariantGroup section */

/* Begin XCBuildConfiguration section */
		4911826720852249001722F4 /* Debug */ = {
			isa = XCBuildConfiguration;
			buildSettings = {
				ALWAYS_SEARCH_USER_PATHS = NO;
				CLANG_ANALYZER_NONNULL = YES;
				CLANG_ANALYZER_NUMBER_OBJECT_CONVERSION = YES_AGGRESSIVE;
				CLANG_CXX_LANGUAGE_STANDARD = "gnu++14";
				CLANG_CXX_LIBRARY = "libc++";
				CLANG_ENABLE_MODULES = YES;
				CLANG_ENABLE_OBJC_ARC = YES;
				CLANG_WARN_BLOCK_CAPTURE_AUTORELEASING = YES;
				CLANG_WARN_BOOL_CONVERSION = YES;
				CLANG_WARN_COMMA = YES;
				CLANG_WARN_CONSTANT_CONVERSION = YES;
				CLANG_WARN_DIRECT_OBJC_ISA_USAGE = YES_ERROR;
				CLANG_WARN_DOCUMENTATION_COMMENTS = YES;
				CLANG_WARN_EMPTY_BODY = YES;
				CLANG_WARN_ENUM_CONVERSION = YES;
				CLANG_WARN_INFINITE_RECURSION = YES;
				CLANG_WARN_INT_CONVERSION = YES;
				CLANG_WARN_NON_LITERAL_NULL_CONVERSION = YES;
				CLANG_WARN_OBJC_LITERAL_CONVERSION = YES;
				CLANG_WARN_OBJC_ROOT_CLASS = YES_ERROR;
				CLANG_WARN_RANGE_LOOP_ANALYSIS = YES;
				CLANG_WARN_STRICT_PROTOTYPES = YES;
				CLANG_WARN_SUSPICIOUS_MOVE = YES;
				CLANG_WARN_UNGUARDED_AVAILABILITY = YES_AGGRESSIVE;
				CLANG_WARN_UNREACHABLE_CODE = YES;
				CLANG_WARN__DUPLICATE_METHOD_MATCH = YES;
				CODE_SIGN_IDENTITY = "iPhone Developer";
				COPY_PHASE_STRIP = NO;
				DEBUG_INFORMATION_FORMAT = dwarf;
				ENABLE_STRICT_OBJC_MSGSEND = YES;
				ENABLE_TESTABILITY = YES;
				GCC_C_LANGUAGE_STANDARD = gnu11;
				GCC_DYNAMIC_NO_PIC = NO;
				GCC_NO_COMMON_BLOCKS = YES;
				GCC_OPTIMIZATION_LEVEL = 0;
				GCC_PREPROCESSOR_DEFINITIONS = (
					"DEBUG=1",
					"$(inherited)",
				);
				GCC_WARN_64_TO_32_BIT_CONVERSION = YES;
				GCC_WARN_ABOUT_RETURN_TYPE = YES_ERROR;
				GCC_WARN_UNDECLARED_SELECTOR = YES;
				GCC_WARN_UNINITIALIZED_AUTOS = YES_AGGRESSIVE;
				GCC_WARN_UNUSED_FUNCTION = YES;
				GCC_WARN_UNUSED_VARIABLE = YES;
				IPHONEOS_DEPLOYMENT_TARGET = 11.2;
				MTL_ENABLE_DEBUG_INFO = YES;
				ONLY_ACTIVE_ARCH = YES;
				SDKROOT = iphoneos;
				SWIFT_ACTIVE_COMPILATION_CONDITIONS = DEBUG;
				SWIFT_OPTIMIZATION_LEVEL = "-Onone";
			};
			name = Debug;
		};
		4911826820852249001722F4 /* Release */ = {
			isa = XCBuildConfiguration;
			buildSettings = {
				ALWAYS_SEARCH_USER_PATHS = NO;
				CLANG_ANALYZER_NONNULL = YES;
				CLANG_ANALYZER_NUMBER_OBJECT_CONVERSION = YES_AGGRESSIVE;
				CLANG_CXX_LANGUAGE_STANDARD = "gnu++14";
				CLANG_CXX_LIBRARY = "libc++";
				CLANG_ENABLE_MODULES = YES;
				CLANG_ENABLE_OBJC_ARC = YES;
				CLANG_WARN_BLOCK_CAPTURE_AUTORELEASING = YES;
				CLANG_WARN_BOOL_CONVERSION = YES;
				CLANG_WARN_COMMA = YES;
				CLANG_WARN_CONSTANT_CONVERSION = YES;
				CLANG_WARN_DIRECT_OBJC_ISA_USAGE = YES_ERROR;
				CLANG_WARN_DOCUMENTATION_COMMENTS = YES;
				CLANG_WARN_EMPTY_BODY = YES;
				CLANG_WARN_ENUM_CONVERSION = YES;
				CLANG_WARN_INFINITE_RECURSION = YES;
				CLANG_WARN_INT_CONVERSION = YES;
				CLANG_WARN_NON_LITERAL_NULL_CONVERSION = YES;
				CLANG_WARN_OBJC_LITERAL_CONVERSION = YES;
				CLANG_WARN_OBJC_ROOT_CLASS = YES_ERROR;
				CLANG_WARN_RANGE_LOOP_ANALYSIS = YES;
				CLANG_WARN_STRICT_PROTOTYPES = YES;
				CLANG_WARN_SUSPICIOUS_MOVE = YES;
				CLANG_WARN_UNGUARDED_AVAILABILITY = YES_AGGRESSIVE;
				CLANG_WARN_UNREACHABLE_CODE = YES;
				CLANG_WARN__DUPLICATE_METHOD_MATCH = YES;
				CODE_SIGN_IDENTITY = "iPhone Developer";
				COPY_PHASE_STRIP = NO;
				DEBUG_INFORMATION_FORMAT = "dwarf-with-dsym";
				ENABLE_NS_ASSERTIONS = NO;
				ENABLE_STRICT_OBJC_MSGSEND = YES;
				GCC_C_LANGUAGE_STANDARD = gnu11;
				GCC_NO_COMMON_BLOCKS = YES;
				GCC_WARN_64_TO_32_BIT_CONVERSION = YES;
				GCC_WARN_ABOUT_RETURN_TYPE = YES_ERROR;
				GCC_WARN_UNDECLARED_SELECTOR = YES;
				GCC_WARN_UNINITIALIZED_AUTOS = YES_AGGRESSIVE;
				GCC_WARN_UNUSED_FUNCTION = YES;
				GCC_WARN_UNUSED_VARIABLE = YES;
				IPHONEOS_DEPLOYMENT_TARGET = 11.2;
				MTL_ENABLE_DEBUG_INFO = NO;
				SDKROOT = iphoneos;
				SWIFT_OPTIMIZATION_LEVEL = "-Owholemodule";
				VALIDATE_PRODUCT = YES;
			};
			name = Release;
		};
		4911826A20852249001722F4 /* Debug */ = {
			isa = XCBuildConfiguration;
			buildSettings = {
				ASSETCATALOG_COMPILER_APPICON_NAME = AppIcon;
				CODE_SIGN_STYLE = Automatic;
				DEVELOPMENT_TEAM = B3SQ78ZRHG;
				INFOPLIST_FILE = Lab4/Info.plist;
				LD_RUNPATH_SEARCH_PATHS = "$(inherited) @executable_path/Frameworks";
				PRODUCT_BUNDLE_IDENTIFIER = edu.calpoly.betang.Lab4;
				PRODUCT_NAME = "$(TARGET_NAME)";
				SWIFT_VERSION = 4.0;
				TARGETED_DEVICE_FAMILY = "1,2";
			};
			name = Debug;
		};
		4911826B20852249001722F4 /* Release */ = {
			isa = XCBuildConfiguration;
			buildSettings = {
				ASSETCATALOG_COMPILER_APPICON_NAME = AppIcon;
				CODE_SIGN_STYLE = Automatic;
				DEVELOPMENT_TEAM = B3SQ78ZRHG;
				INFOPLIST_FILE = Lab4/Info.plist;
				LD_RUNPATH_SEARCH_PATHS = "$(inherited) @executable_path/Frameworks";
				PRODUCT_BUNDLE_IDENTIFIER = edu.calpoly.betang.Lab4;
				PRODUCT_NAME = "$(TARGET_NAME)";
				SWIFT_VERSION = 4.0;
				TARGETED_DEVICE_FAMILY = "1,2";
			};
			name = Release;
		};
/* End XCBuildConfiguration section */

/* Begin XCConfigurationList section */
		4911825220852249001722F4 /* Build configuration list for PBXProject "Lab4" */ = {
			isa = XCConfigurationList;
			buildConfigurations = (
				4911826720852249001722F4 /* Debug */,
				4911826820852249001722F4 /* Release */,
			);
			defaultConfigurationIsVisible = 0;
			defaultConfigurationName = Release;
		};
		4911826920852249001722F4 /* Build configuration list for PBXNativeTarget "Lab4" */ = {
			isa = XCConfigurationList;
			buildConfigurations = (
				4911826A20852249001722F4 /* Debug */,
				4911826B20852249001722F4 /* Release */,
			);
			defaultConfigurationIsVisible = 0;
			defaultConfigurationName = Release;
		};
/* End XCConfigurationList section */
	};
	rootObject = 4911824F20852249001722F4 /* Project object */;
}
