// !$*UTF8*$!
{
	archiveVersion = 1;
	classes = {
	};
	objectVersion = 48;
	objects = {

/* Begin PBXBuildFile section */
		401D561BE148926F82A7ADC0 /* Pods_FireBaseStore.framework in Frameworks */ = {isa = PBXBuildFile; fileRef = 5CC00AD86D5B0DECF5E14A42 /* Pods_FireBaseStore.framework */; };
		49DB8B8120ACB4DA00205451 /* AppDelegate.swift in Sources */ = {isa = PBXBuildFile; fileRef = 49DB8B8020ACB4DA00205451 /* AppDelegate.swift */; };
		49DB8B8320ACB4DA00205451 /* ViewController.swift in Sources */ = {isa = PBXBuildFile; fileRef = 49DB8B8220ACB4DA00205451 /* ViewController.swift */; };
		49DB8B8620ACB4DA00205451 /* Main.storyboard in Resources */ = {isa = PBXBuildFile; fileRef = 49DB8B8420ACB4DA00205451 /* Main.storyboard */; };
		49DB8B8820ACB4DA00205451 /* Assets.xcassets in Resources */ = {isa = PBXBuildFile; fileRef = 49DB8B8720ACB4DA00205451 /* Assets.xcassets */; };
		49DB8B8B20ACB4DA00205451 /* LaunchScreen.storyboard in Resources */ = {isa = PBXBuildFile; fileRef = 49DB8B8920ACB4DA00205451 /* LaunchScreen.storyboard */; };
/* End PBXBuildFile section */

/* Begin PBXFileReference section */
		49DB8B7D20ACB4DA00205451 /* FireBaseStore.app */ = {isa = PBXFileReference; explicitFileType = wrapper.application; includeInIndex = 0; path = FireBaseStore.app; sourceTree = BUILT_PRODUCTS_DIR; };
		49DB8B8020ACB4DA00205451 /* AppDelegate.swift */ = {isa = PBXFileReference; lastKnownFileType = sourcecode.swift; path = AppDelegate.swift; sourceTree = "<group>"; };
		49DB8B8220ACB4DA00205451 /* ViewController.swift */ = {isa = PBXFileReference; lastKnownFileType = sourcecode.swift; path = ViewController.swift; sourceTree = "<group>"; };
		49DB8B8520ACB4DA00205451 /* Base */ = {isa = PBXFileReference; lastKnownFileType = file.storyboard; name = Base; path = Base.lproj/Main.storyboard; sourceTree = "<group>"; };
		49DB8B8720ACB4DA00205451 /* Assets.xcassets */ = {isa = PBXFileReference; lastKnownFileType = folder.assetcatalog; path = Assets.xcassets; sourceTree = "<group>"; };
		49DB8B8A20ACB4DA00205451 /* Base */ = {isa = PBXFileReference; lastKnownFileType = file.storyboard; name = Base; path = Base.lproj/LaunchScreen.storyboard; sourceTree = "<group>"; };
		49DB8B8C20ACB4DA00205451 /* Info.plist */ = {isa = PBXFileReference; lastKnownFileType = text.plist.xml; path = Info.plist; sourceTree = "<group>"; };
		5CC00AD86D5B0DECF5E14A42 /* Pods_FireBaseStore.framework */ = {isa = PBXFileReference; explicitFileType = wrapper.framework; includeInIndex = 0; path = Pods_FireBaseStore.framework; sourceTree = BUILT_PRODUCTS_DIR; };
		6B2990CBBD30E848E88A5702 /* Pods-FireBaseStore.debug.xcconfig */ = {isa = PBXFileReference; includeInIndex = 1; lastKnownFileType = text.xcconfig; name = "Pods-FireBaseStore.debug.xcconfig"; path = "Pods/Target Support Files/Pods-FireBaseStore/Pods-FireBaseStore.debug.xcconfig"; sourceTree = "<group>"; };
		C535E760A967582E5DC6A47F /* Pods-FireBaseStore.release.xcconfig */ = {isa = PBXFileReference; includeInIndex = 1; lastKnownFileType = text.xcconfig; name = "Pods-FireBaseStore.release.xcconfig"; path = "Pods/Target Support Files/Pods-FireBaseStore/Pods-FireBaseStore.release.xcconfig"; sourceTree = "<group>"; };
/* End PBXFileReference section */

/* Begin PBXFrameworksBuildPhase section */
		49DB8B7A20ACB4DA00205451 /* Frameworks */ = {
			isa = PBXFrameworksBuildPhase;
			buildActionMask = 2147483647;
			files = (
				401D561BE148926F82A7ADC0 /* Pods_FireBaseStore.framework in Frameworks */,
			);
			runOnlyForDeploymentPostprocessing = 0;
		};
/* End PBXFrameworksBuildPhase section */

/* Begin PBXGroup section */
		49DB8B7420ACB4DA00205451 = {
			isa = PBXGroup;
			children = (
				49DB8B7F20ACB4DA00205451 /* FireBaseStore */,
				49DB8B7E20ACB4DA00205451 /* Products */,
				B4E7B3C4240D231AB2CECDD4 /* Pods */,
				8BB3C87BD6E6662D85DB2FAC /* Frameworks */,
			);
			sourceTree = "<group>";
		};
		49DB8B7E20ACB4DA00205451 /* Products */ = {
			isa = PBXGroup;
			children = (
				49DB8B7D20ACB4DA00205451 /* FireBaseStore.app */,
			);
			name = Products;
			sourceTree = "<group>";
		};
		49DB8B7F20ACB4DA00205451 /* FireBaseStore */ = {
			isa = PBXGroup;
			children = (
				49DB8B8020ACB4DA00205451 /* AppDelegate.swift */,
				49DB8B8220ACB4DA00205451 /* ViewController.swift */,
				49DB8B8420ACB4DA00205451 /* Main.storyboard */,
				49DB8B8720ACB4DA00205451 /* Assets.xcassets */,
				49DB8B8920ACB4DA00205451 /* LaunchScreen.storyboard */,
				49DB8B8C20ACB4DA00205451 /* Info.plist */,
			);
			path = FireBaseStore;
			sourceTree = "<group>";
		};
		8BB3C87BD6E6662D85DB2FAC /* Frameworks */ = {
			isa = PBXGroup;
			children = (
				5CC00AD86D5B0DECF5E14A42 /* Pods_FireBaseStore.framework */,
			);
			name = Frameworks;
			sourceTree = "<group>";
		};
		B4E7B3C4240D231AB2CECDD4 /* Pods */ = {
			isa = PBXGroup;
			children = (
				6B2990CBBD30E848E88A5702 /* Pods-FireBaseStore.debug.xcconfig */,
				C535E760A967582E5DC6A47F /* Pods-FireBaseStore.release.xcconfig */,
			);
			name = Pods;
			sourceTree = "<group>";
		};
/* End PBXGroup section */

/* Begin PBXNativeTarget section */
		49DB8B7C20ACB4DA00205451 /* FireBaseStore */ = {
			isa = PBXNativeTarget;
			buildConfigurationList = 49DB8B8F20ACB4DA00205451 /* Build configuration list for PBXNativeTarget "FireBaseStore" */;
			buildPhases = (
				32E014EF51A3420647AE9376 /* [CP] Check Pods Manifest.lock */,
				49DB8B7920ACB4DA00205451 /* Sources */,
				49DB8B7A20ACB4DA00205451 /* Frameworks */,
				49DB8B7B20ACB4DA00205451 /* Resources */,
				D1FB2EDA36126098878BFDEA /* [CP] Embed Pods Frameworks */,
			);
			buildRules = (
			);
			dependencies = (
			);
			name = FireBaseStore;
			productName = FireBaseStore;
			productReference = 49DB8B7D20ACB4DA00205451 /* FireBaseStore.app */;
			productType = "com.apple.product-type.application";
		};
/* End PBXNativeTarget section */

/* Begin PBXProject section */
		49DB8B7520ACB4DA00205451 /* Project object */ = {
			isa = PBXProject;
			attributes = {
				LastSwiftUpdateCheck = 0920;
				LastUpgradeCheck = 0920;
				ORGANIZATIONNAME = "CalPoly Computer Science";
				TargetAttributes = {
					49DB8B7C20ACB4DA00205451 = {
						CreatedOnToolsVersion = 9.2;
						ProvisioningStyle = Automatic;
					};
				};
			};
			buildConfigurationList = 49DB8B7820ACB4DA00205451 /* Build configuration list for PBXProject "FireBaseStore" */;
			compatibilityVersion = "Xcode 8.0";
			developmentRegion = en;
			hasScannedForEncodings = 0;
			knownRegions = (
				en,
				Base,
			);
			mainGroup = 49DB8B7420ACB4DA00205451;
			productRefGroup = 49DB8B7E20ACB4DA00205451 /* Products */;
			projectDirPath = "";
			projectRoot = "";
			targets = (
				49DB8B7C20ACB4DA00205451 /* FireBaseStore */,
			);
		};
/* End PBXProject section */

/* Begin PBXResourcesBuildPhase section */
		49DB8B7B20ACB4DA00205451 /* Resources */ = {
			isa = PBXResourcesBuildPhase;
			buildActionMask = 2147483647;
			files = (
				49DB8B8B20ACB4DA00205451 /* LaunchScreen.storyboard in Resources */,
				49DB8B8820ACB4DA00205451 /* Assets.xcassets in Resources */,
				49DB8B8620ACB4DA00205451 /* Main.storyboard in Resources */,
			);
			runOnlyForDeploymentPostprocessing = 0;
		};
/* End PBXResourcesBuildPhase section */

/* Begin PBXShellScriptBuildPhase section */
		32E014EF51A3420647AE9376 /* [CP] Check Pods Manifest.lock */ = {
			isa = PBXShellScriptBuildPhase;
			buildActionMask = 2147483647;
			files = (
			);
			inputPaths = (
				"${PODS_PODFILE_DIR_PATH}/Podfile.lock",
				"${PODS_ROOT}/Manifest.lock",
			);
			name = "[CP] Check Pods Manifest.lock";
			outputPaths = (
				"$(DERIVED_FILE_DIR)/Pods-FireBaseStore-checkManifestLockResult.txt",
			);
			runOnlyForDeploymentPostprocessing = 0;
			shellPath = /bin/sh;
			shellScript = "diff \"${PODS_PODFILE_DIR_PATH}/Podfile.lock\" \"${PODS_ROOT}/Manifest.lock\" > /dev/null\nif [ $? != 0 ] ; then\n    # print error to STDERR\n    echo \"error: The sandbox is not in sync with the Podfile.lock. Run 'pod install' or update your CocoaPods installation.\" >&2\n    exit 1\nfi\n# This output is used by Xcode 'outputs' to avoid re-running this script phase.\necho \"SUCCESS\" > \"${SCRIPT_OUTPUT_FILE_0}\"\n";
			showEnvVarsInLog = 0;
		};
		D1FB2EDA36126098878BFDEA /* [CP] Embed Pods Frameworks */ = {
			isa = PBXShellScriptBuildPhase;
			buildActionMask = 2147483647;
			files = (
			);
			inputPaths = (
				"${SRCROOT}/Pods/Target Support Files/Pods-FireBaseStore/Pods-FireBaseStore-frameworks.sh",
				"${BUILT_PRODUCTS_DIR}/GTMSessionFetcher/GTMSessionFetcher.framework",
				"${BUILT_PRODUCTS_DIR}/GoogleToolboxForMac/GoogleToolboxForMac.framework",
				"${BUILT_PRODUCTS_DIR}/leveldb-library/leveldb.framework",
				"${BUILT_PRODUCTS_DIR}/nanopb/nanopb.framework",
			);
			name = "[CP] Embed Pods Frameworks";
			outputPaths = (
				"${TARGET_BUILD_DIR}/${FRAMEWORKS_FOLDER_PATH}/GTMSessionFetcher.framework",
				"${TARGET_BUILD_DIR}/${FRAMEWORKS_FOLDER_PATH}/GoogleToolboxForMac.framework",
				"${TARGET_BUILD_DIR}/${FRAMEWORKS_FOLDER_PATH}/leveldb.framework",
				"${TARGET_BUILD_DIR}/${FRAMEWORKS_FOLDER_PATH}/nanopb.framework",
			);
			runOnlyForDeploymentPostprocessing = 0;
			shellPath = /bin/sh;
			shellScript = "\"${SRCROOT}/Pods/Target Support Files/Pods-FireBaseStore/Pods-FireBaseStore-frameworks.sh\"\n";
			showEnvVarsInLog = 0;
		};
/* End PBXShellScriptBuildPhase section */

/* Begin PBXSourcesBuildPhase section */
		49DB8B7920ACB4DA00205451 /* Sources */ = {
			isa = PBXSourcesBuildPhase;
			buildActionMask = 2147483647;
			files = (
				49DB8B8320ACB4DA00205451 /* ViewController.swift in Sources */,
				49DB8B8120ACB4DA00205451 /* AppDelegate.swift in Sources */,
			);
			runOnlyForDeploymentPostprocessing = 0;
		};
/* End PBXSourcesBuildPhase section */

/* Begin PBXVariantGroup section */
		49DB8B8420ACB4DA00205451 /* Main.storyboard */ = {
			isa = PBXVariantGroup;
			children = (
				49DB8B8520ACB4DA00205451 /* Base */,
			);
			name = Main.storyboard;
			sourceTree = "<group>";
		};
		49DB8B8920ACB4DA00205451 /* LaunchScreen.storyboard */ = {
			isa = PBXVariantGroup;
			children = (
				49DB8B8A20ACB4DA00205451 /* Base */,
			);
			name = LaunchScreen.storyboard;
			sourceTree = "<group>";
		};
/* End PBXVariantGroup section */

/* Begin XCBuildConfiguration section */
		49DB8B8D20ACB4DA00205451 /* Debug */ = {
			isa = XCBuildConfiguration;
			buildSettings = {
				ALWAYS_SEARCH_USER_PATHS = NO;
				CLANG_ANALYZER_NONNULL = YES;
				CLANG_ANALYZER_NUMBER_OBJECT_CONVERSION = YES_AGGRESSIVE;
				CLANG_CXX_LANGUAGE_STANDARD = "gnu++14";
				CLANG_CXX_LIBRARY = "libc++";
				CLANG_ENABLE_MODULES = YES;
				CLANG_ENABLE_OBJC_ARC = YES;
				CLANG_WARN_BLOCK_CAPTURE_AUTORELEASING = YES;
				CLANG_WARN_BOOL_CONVERSION = YES;
				CLANG_WARN_COMMA = YES;
				CLANG_WARN_CONSTANT_CONVERSION = YES;
				CLANG_WARN_DIRECT_OBJC_ISA_USAGE = YES_ERROR;
				CLANG_WARN_DOCUMENTATION_COMMENTS = YES;
				CLANG_WARN_EMPTY_BODY = YES;
				CLANG_WARN_ENUM_CONVERSION = YES;
				CLANG_WARN_INFINITE_RECURSION = YES;
				CLANG_WARN_INT_CONVERSION = YES;
				CLANG_WARN_NON_LITERAL_NULL_CONVERSION = YES;
				CLANG_WARN_OBJC_LITERAL_CONVERSION = YES;
				CLANG_WARN_OBJC_ROOT_CLASS = YES_ERROR;
				CLANG_WARN_RANGE_LOOP_ANALYSIS = YES;
				CLANG_WARN_STRICT_PROTOTYPES = YES;
				CLANG_WARN_SUSPICIOUS_MOVE = YES;
				CLANG_WARN_UNGUARDED_AVAILABILITY = YES_AGGRESSIVE;
				CLANG_WARN_UNREACHABLE_CODE = YES;
				CLANG_WARN__DUPLICATE_METHOD_MATCH = YES;
				CODE_SIGN_IDENTITY = "iPhone Developer";
				COPY_PHASE_STRIP = NO;
				DEBUG_INFORMATION_FORMAT = dwarf;
				ENABLE_STRICT_OBJC_MSGSEND = YES;
				ENABLE_TESTABILITY = YES;
				GCC_C_LANGUAGE_STANDARD = gnu11;
				GCC_DYNAMIC_NO_PIC = NO;
				GCC_NO_COMMON_BLOCKS = YES;
				GCC_OPTIMIZATION_LEVEL = 0;
				GCC_PREPROCESSOR_DEFINITIONS = (
					"DEBUG=1",
					"$(inherited)",
				);
				GCC_WARN_64_TO_32_BIT_CONVERSION = YES;
				GCC_WARN_ABOUT_RETURN_TYPE = YES_ERROR;
				GCC_WARN_UNDECLARED_SELECTOR = YES;
				GCC_WARN_UNINITIALIZED_AUTOS = YES_AGGRESSIVE;
				GCC_WARN_UNUSED_FUNCTION = YES;
				GCC_WARN_UNUSED_VARIABLE = YES;
				IPHONEOS_DEPLOYMENT_TARGET = 11.2;
				MTL_ENABLE_DEBUG_INFO = YES;
				ONLY_ACTIVE_ARCH = YES;
				SDKROOT = iphoneos;
				SWIFT_ACTIVE_COMPILATION_CONDITIONS = DEBUG;
				SWIFT_OPTIMIZATION_LEVEL = "-Onone";
			};
			name = Debug;
		};
		49DB8B8E20ACB4DA00205451 /* Release */ = {
			isa = XCBuildConfiguration;
			buildSettings = {
				ALWAYS_SEARCH_USER_PATHS = NO;
				CLANG_ANALYZER_NONNULL = YES;
				CLANG_ANALYZER_NUMBER_OBJECT_CONVERSION = YES_AGGRESSIVE;
				CLANG_CXX_LANGUAGE_STANDARD = "gnu++14";
				CLANG_CXX_LIBRARY = "libc++";
				CLANG_ENABLE_MODULES = YES;
				CLANG_ENABLE_OBJC_ARC = YES;
				CLANG_WARN_BLOCK_CAPTURE_AUTORELEASING = YES;
				CLANG_WARN_BOOL_CONVERSION = YES;
				CLANG_WARN_COMMA = YES;
				CLANG_WARN_CONSTANT_CONVERSION = YES;
				CLANG_WARN_DIRECT_OBJC_ISA_USAGE = YES_ERROR;
				CLANG_WARN_DOCUMENTATION_COMMENTS = YES;
				CLANG_WARN_EMPTY_BODY = YES;
				CLANG_WARN_ENUM_CONVERSION = YES;
				CLANG_WARN_INFINITE_RECURSION = YES;
				CLANG_WARN_INT_CONVERSION = YES;
				CLANG_WARN_NON_LITERAL_NULL_CONVERSION = YES;
				CLANG_WARN_OBJC_LITERAL_CONVERSION = YES;
				CLANG_WARN_OBJC_ROOT_CLASS = YES_ERROR;
				CLANG_WARN_RANGE_LOOP_ANALYSIS = YES;
				CLANG_WARN_STRICT_PROTOTYPES = YES;
				CLANG_WARN_SUSPICIOUS_MOVE = YES;
				CLANG_WARN_UNGUARDED_AVAILABILITY = YES_AGGRESSIVE;
				CLANG_WARN_UNREACHABLE_CODE = YES;
				CLANG_WARN__DUPLICATE_METHOD_MATCH = YES;
				CODE_SIGN_IDENTITY = "iPhone Developer";
				COPY_PHASE_STRIP = NO;
				DEBUG_INFORMATION_FORMAT = "dwarf-with-dsym";
				ENABLE_NS_ASSERTIONS = NO;
				ENABLE_STRICT_OBJC_MSGSEND = YES;
				GCC_C_LANGUAGE_STANDARD = gnu11;
				GCC_NO_COMMON_BLOCKS = YES;
				GCC_WARN_64_TO_32_BIT_CONVERSION = YES;
				GCC_WARN_ABOUT_RETURN_TYPE = YES_ERROR;
				GCC_WARN_UNDECLARED_SELECTOR = YES;
				GCC_WARN_UNINITIALIZED_AUTOS = YES_AGGRESSIVE;
				GCC_WARN_UNUSED_FUNCTION = YES;
				GCC_WARN_UNUSED_VARIABLE = YES;
				IPHONEOS_DEPLOYMENT_TARGET = 11.2;
				MTL_ENABLE_DEBUG_INFO = NO;
				SDKROOT = iphoneos;
				SWIFT_OPTIMIZATION_LEVEL = "-Owholemodule";
				VALIDATE_PRODUCT = YES;
			};
			name = Release;
		};
		49DB8B9020ACB4DA00205451 /* Debug */ = {
			isa = XCBuildConfiguration;
			baseConfigurationReference = 6B2990CBBD30E848E88A5702 /* Pods-FireBaseStore.debug.xcconfig */;
			buildSettings = {
				ASSETCATALOG_COMPILER_APPICON_NAME = AppIcon;
				CODE_SIGN_STYLE = Automatic;
				DEVELOPMENT_TEAM = B3SQ78ZRHG;
				INFOPLIST_FILE = FireBaseStore/Info.plist;
				LD_RUNPATH_SEARCH_PATHS = "$(inherited) @executable_path/Frameworks";
				PRODUCT_BUNDLE_IDENTIFIER = edu.calpoly.betang.FireBaseStore;
				PRODUCT_NAME = "$(TARGET_NAME)";
				SWIFT_VERSION = 4.0;
				TARGETED_DEVICE_FAMILY = "1,2";
			};
			name = Debug;
		};
		49DB8B9120ACB4DA00205451 /* Release */ = {
			isa = XCBuildConfiguration;
			baseConfigurationReference = C535E760A967582E5DC6A47F /* Pods-FireBaseStore.release.xcconfig */;
			buildSettings = {
				ASSETCATALOG_COMPILER_APPICON_NAME = AppIcon;
				CODE_SIGN_STYLE = Automatic;
				DEVELOPMENT_TEAM = B3SQ78ZRHG;
				INFOPLIST_FILE = FireBaseStore/Info.plist;
				LD_RUNPATH_SEARCH_PATHS = "$(inherited) @executable_path/Frameworks";
				PRODUCT_BUNDLE_IDENTIFIER = edu.calpoly.betang.FireBaseStore;
				PRODUCT_NAME = "$(TARGET_NAME)";
				SWIFT_VERSION = 4.0;
				TARGETED_DEVICE_FAMILY = "1,2";
			};
			name = Release;
		};
/* End XCBuildConfiguration section */

/* Begin XCConfigurationList section */
		49DB8B7820ACB4DA00205451 /* Build configuration list for PBXProject "FireBaseStore" */ = {
			isa = XCConfigurationList;
			buildConfigurations = (
				49DB8B8D20ACB4DA00205451 /* Debug */,
				49DB8B8E20ACB4DA00205451 /* Release */,
			);
			defaultConfigurationIsVisible = 0;
			defaultConfigurationName = Release;
		};
		49DB8B8F20ACB4DA00205451 /* Build configuration list for PBXNativeTarget "FireBaseStore" */ = {
			isa = XCConfigurationList;
			buildConfigurations = (
				49DB8B9020ACB4DA00205451 /* Debug */,
				49DB8B9120ACB4DA00205451 /* Release */,
			);
			defaultConfigurationIsVisible = 0;
			defaultConfigurationName = Release;
		};
/* End XCConfigurationList section */
	};
	rootObject = 49DB8B7520ACB4DA00205451 /* Project object */;
}
